
Microsoft Visual Studio Solution File, Format Version 12.00
# Visual Studio Version 17
VisualStudioVersion = 17.2.32630.192
MinimumVisualStudioVersion = 10.0.40219.1
Project("{9A19103F-16F7-4668-BE54-9A1E7A4F7556}") = "mg_Project_03", "mg_Project_03.csproj", "{19EA37B7-DEC7-4CDB-B558-B1C9CE9B762B}"
EndProject
Global
	GlobalSection(SolutionConfigurationPlatforms) = preSolution
		Debug|Any CPU = Debug|Any CPU
		Release|Any CPU = Release|Any CPU
	EndGlobalSection
	GlobalSection(ProjectConfigurationPlatforms) = postSolution
		{19EA37B7-DEC7-4CDB-B558-B1C9CE9B762B}.Debug|Any CPU.ActiveCfg = Debug|Any CPU
		{19EA37B7-DEC7-4CDB-B558-B1C9CE9B762B}.Debug|Any CPU.Build.0 = Debug|Any CPU
		{19EA37B7-DEC7-4CDB-B558-B1C9CE9B762B}.Release|Any CPU.ActiveCfg = Release|Any CPU
		{19EA37B7-DEC7-4CDB-B558-B1C9CE9B762B}.Release|Any CPU.Build.0 = Release|Any CPU
	EndGlobalSection
	GlobalSection(SolutionProperties) = preSolution
		HideSolutionNode = FALSE
	EndGlobalSection
	GlobalSection(ExtensibilityGlobals) = postSolution
		SolutionGuid = {CEB6657E-AB8D-44D1-B4F1-10304180F33F}
	EndGlobalSection
EndGlobal
